{
    "_meta": {
        "hash": {
            "sha256": "4ed5ce4f3848c04974b2fec465789805f9515295e9eaeeacf366b6ed92ae21a2"
        },
        "host-environment-markers": {
            "implementation_name": "cpython",
            "implementation_version": "3.6.3",
            "os_name": "nt",
            "platform_machine": "AMD64",
            "platform_python_implementation": "CPython",
            "platform_release": "10",
            "platform_system": "Windows",
            "platform_version": "10.0.16299",
            "python_full_version": "3.6.3",
            "python_version": "3.6",
            "sys_platform": "win32"
        },
        "pipfile-spec": 6,
        "requires": {
            "python_version": "3.6"
        },
        "sources": [
            {
                "name": "pypi",
                "url": "http://mirrors.aliyun.com/pypi/simple/",
                "verify_ssl": true
            }
        ]
    },
    "default": {
        "aliyun-python-sdk-core-v3": {
            "hashes": [],
            "version": "==2.8.5"
        },
        "aliyun-python-sdk-ecs": {
            "hashes": [],
            "version": "==4.6.4"
        },
        "aliyun-python-sdk-rds": {
            "hashes": [],
            "version": "==2.1.1"
        },
        "aliyun-python-sdk-slb": {
            "hashes": [],
            "version": "==3.2.1"
        },
        "certifi": {
            "hashes": [],
            "version": "==2018.1.18"
        },
        "chardet": {
            "hashes": [],
            "version": "==3.0.4"
        },
        "dateparser": {
            "hashes": [],
            "version": "==0.7.0"
        },
        "humanize": {
            "hashes": [],
            "version": "==0.5.1"
        },
        "idna": {
            "hashes": [],
            "version": "==2.6"
        },
        "maya": {
            "hashes": [],
            "version": "==0.3.4"
        },
        "pendulum": {
            "hashes": [],
            "version": "==1.4.2"
        },
        "python-dateutil": {
            "hashes": [],
            "version": "==2.6.1"
        },
        "pytz": {
            "hashes": [],
            "version": "==2018.3"
        },
        "pytzdata": {
            "hashes": [],
            "version": "==2018.3"
        },
        "regex": {
            "hashes": [],
            "version": "==2018.2.21"
        },
        "requests": {
            "hashes": [],
            "version": "==2.18.4"
        },
        "ruamel.yaml": {
            "hashes": [],
            "version": "==0.15.35"
        },
        "six": {
            "hashes": [],
            "version": "==1.11.0"
        },
        "tqdm": {
            "hashes": [],
            "version": "==4.19.6"
        },
        "tzlocal": {
            "hashes": [],
            "version": "==1.5.1"
        },
        "urllib3": {
            "hashes": [],
            "version": "==1.22"
        }
    },
    "develop": {}
}
